
Microsoft Visual Studio Solution File, Format Version 12.00
Project("{FAE04EC0-301F-11D3-BF4B-00C04F79EFBC}") = "hw_cSH_6", "hw_cSH_6\hw_cSH_6.csproj", "{F6ABED54-914E-4519-94DC-2D9B3DB23DA7}"
EndProject
Global
	GlobalSection(SolutionConfigurationPlatforms) = preSolution
		Debug|Any CPU = Debug|Any CPU
		Release|Any CPU = Release|Any CPU
	EndGlobalSection
	GlobalSection(ProjectConfigurationPlatforms) = postSolution
		{F6ABED54-914E-4519-94DC-2D9B3DB23DA7}.Debug|Any CPU.ActiveCfg = Debug|Any CPU
		{F6ABED54-914E-4519-94DC-2D9B3DB23DA7}.Debug|Any CPU.Build.0 = Debug|Any CPU
		{F6ABED54-914E-4519-94DC-2D9B3DB23DA7}.Release|Any CPU.ActiveCfg = Release|Any CPU
		{F6ABED54-914E-4519-94DC-2D9B3DB23DA7}.Release|Any CPU.Build.0 = Release|Any CPU
	EndGlobalSection
EndGlobal
